
Microsoft Visual Studio Solution File, Format Version 12.00
# Visual Studio 15
Project("{FAE04EC0-301F-11D3-BF4B-00C04F79EFBC}") = "GoogleMobileAds", "GoogleMobileAds.csproj", "{AA4C76BB-25B6-6DDE-B142-0CCDF448289C}"
EndProject
Project("{FAE04EC0-301F-11D3-BF4B-00C04F79EFBC}") = "Assembly-CSharp", "Assembly-CSharp.csproj", "{7B80A9D9-DA46-01E3-1264-45BDE8E71CC4}"
EndProject
Project("{FAE04EC0-301F-11D3-BF4B-00C04F79EFBC}") = "GoogleMobileAds.Editor", "GoogleMobileAds.Editor.csproj", "{D1CFCA28-E839-648C-E3F9-BF0D50C7DD98}"
EndProject
Global
	GlobalSection(SolutionConfigurationPlatforms) = preSolution
		Debug|Any CPU = Debug|Any CPU
		Release|Any CPU = Release|Any CPU
	EndGlobalSection
	GlobalSection(ProjectConfigurationPlatforms) = postSolution
		{AA4C76BB-25B6-6DDE-B142-0CCDF448289C}.Debug|Any CPU.ActiveCfg = Debug|Any CPU
		{AA4C76BB-25B6-6DDE-B142-0CCDF448289C}.Debug|Any CPU.Build.0 = Debug|Any CPU
		{AA4C76BB-25B6-6DDE-B142-0CCDF448289C}.Release|Any CPU.ActiveCfg = Release|Any CPU
		{AA4C76BB-25B6-6DDE-B142-0CCDF448289C}.Release|Any CPU.Build.0 = Release|Any CPU
		{7B80A9D9-DA46-01E3-1264-45BDE8E71CC4}.Debug|Any CPU.ActiveCfg = Debug|Any CPU
		{7B80A9D9-DA46-01E3-1264-45BDE8E71CC4}.Debug|Any CPU.Build.0 = Debug|Any CPU
		{7B80A9D9-DA46-01E3-1264-45BDE8E71CC4}.Release|Any CPU.ActiveCfg = Release|Any CPU
		{7B80A9D9-DA46-01E3-1264-45BDE8E71CC4}.Release|Any CPU.Build.0 = Release|Any CPU
		{D1CFCA28-E839-648C-E3F9-BF0D50C7DD98}.Debug|Any CPU.ActiveCfg = Debug|Any CPU
		{D1CFCA28-E839-648C-E3F9-BF0D50C7DD98}.Debug|Any CPU.Build.0 = Debug|Any CPU
		{D1CFCA28-E839-648C-E3F9-BF0D50C7DD98}.Release|Any CPU.ActiveCfg = Release|Any CPU
		{D1CFCA28-E839-648C-E3F9-BF0D50C7DD98}.Release|Any CPU.Build.0 = Release|Any CPU
	EndGlobalSection
	GlobalSection(SolutionProperties) = preSolution
		HideSolutionNode = FALSE
	EndGlobalSection
EndGlobal
